
Microsoft Visual Studio Solution File, Format Version 12.00
# Visual Studio 15
VisualStudioVersion = 15.0.26430.12
MinimumVisualStudioVersion = 10.0.40219.1
Project("{FAE04EC0-301F-11D3-BF4B-00C04F79EFBC}") = "Core", "Core\Core.csproj", "{38F43AC4-1E3D-4A45-872F-640C87FD9EB3}"
EndProject
Project("{FAE04EC0-301F-11D3-BF4B-00C04F79EFBC}") = "Plugin", "Plugin\Plugin.csproj", "{FF9F989A-7709-4BF6-BD32-5ABF8B256652}"
EndProject
Project("{FAE04EC0-301F-11D3-BF4B-00C04F79EFBC}") = "Core.Test", "Core.Test\Core.Test.csproj", "{0B6F0E79-8FCE-4EA1-A491-FF2BF6EAFF3D}"
EndProject
Project("{FAE04EC0-301F-11D3-BF4B-00C04F79EFBC}") = "Plugin.Test", "Plugin.Test\Plugin.Test.csproj", "{C2FD7339-CEE3-4D3C-8EE2-91FA804C6A1E}"
EndProject
Project("{2150E333-8FDC-42A3-9474-1A3956D46DE8}") = "Tests", "Tests", "{6C375568-4C09-4A19-8FD6-093CE9307940}"
EndProject
Global
	GlobalSection(SolutionConfigurationPlatforms) = preSolution
		Debug|Any CPU = Debug|Any CPU
		Release|Any CPU = Release|Any CPU
	EndGlobalSection
	GlobalSection(ProjectConfigurationPlatforms) = postSolution
		{38F43AC4-1E3D-4A45-872F-640C87FD9EB3}.Debug|Any CPU.ActiveCfg = Debug|Any CPU
		{38F43AC4-1E3D-4A45-872F-640C87FD9EB3}.Debug|Any CPU.Build.0 = Debug|Any CPU
		{38F43AC4-1E3D-4A45-872F-640C87FD9EB3}.Release|Any CPU.ActiveCfg = Release|Any CPU
		{38F43AC4-1E3D-4A45-872F-640C87FD9EB3}.Release|Any CPU.Build.0 = Release|Any CPU
		{FF9F989A-7709-4BF6-BD32-5ABF8B256652}.Debug|Any CPU.ActiveCfg = Debug|Any CPU
		{FF9F989A-7709-4BF6-BD32-5ABF8B256652}.Debug|Any CPU.Build.0 = Debug|Any CPU
		{FF9F989A-7709-4BF6-BD32-5ABF8B256652}.Release|Any CPU.ActiveCfg = Release|Any CPU
		{FF9F989A-7709-4BF6-BD32-5ABF8B256652}.Release|Any CPU.Build.0 = Release|Any CPU
		{0B6F0E79-8FCE-4EA1-A491-FF2BF6EAFF3D}.Debug|Any CPU.ActiveCfg = Debug|Any CPU
		{0B6F0E79-8FCE-4EA1-A491-FF2BF6EAFF3D}.Debug|Any CPU.Build.0 = Debug|Any CPU
		{0B6F0E79-8FCE-4EA1-A491-FF2BF6EAFF3D}.Release|Any CPU.ActiveCfg = Release|Any CPU
		{0B6F0E79-8FCE-4EA1-A491-FF2BF6EAFF3D}.Release|Any CPU.Build.0 = Release|Any CPU
		{C2FD7339-CEE3-4D3C-8EE2-91FA804C6A1E}.Debug|Any CPU.ActiveCfg = Debug|Any CPU
		{C2FD7339-CEE3-4D3C-8EE2-91FA804C6A1E}.Debug|Any CPU.Build.0 = Debug|Any CPU
		{C2FD7339-CEE3-4D3C-8EE2-91FA804C6A1E}.Release|Any CPU.ActiveCfg = Release|Any CPU
		{C2FD7339-CEE3-4D3C-8EE2-91FA804C6A1E}.Release|Any CPU.Build.0 = Release|Any CPU
	EndGlobalSection
	GlobalSection(SolutionProperties) = preSolution
		HideSolutionNode = FALSE
	EndGlobalSection
	GlobalSection(NestedProjects) = preSolution
		{0B6F0E79-8FCE-4EA1-A491-FF2BF6EAFF3D} = {6C375568-4C09-4A19-8FD6-093CE9307940}
		{C2FD7339-CEE3-4D3C-8EE2-91FA804C6A1E} = {6C375568-4C09-4A19-8FD6-093CE9307940}
	EndGlobalSection
EndGlobal
